
Microsoft Visual Studio Solution File, Format Version 12.00
# Visual Studio Version 17
VisualStudioVersion = 17.10.34916.146
MinimumVisualStudioVersion = 10.0.40219.1
Project("{FAE04EC0-301F-11D3-BF4B-00C04F79EFBC}") = "zuanke8", "zuanke8.csproj", "{10BBDD81-63A6-4CE2-9FBC-FCF24389B26C}"
EndProject
Global
	GlobalSection(SolutionConfigurationPlatforms) = preSolution
		Debug|Any CPU = Debug|Any CPU
		Release|Any CPU = Release|Any CPU
	EndGlobalSection
	GlobalSection(ProjectConfigurationPlatforms) = postSolution
		{10BBDD81-63A6-4CE2-9FBC-FCF24389B26C}.Debug|Any CPU.ActiveCfg = Debug|Any CPU
		{10BBDD81-63A6-4CE2-9FBC-FCF24389B26C}.Debug|Any CPU.Build.0 = Debug|Any CPU
		{10BBDD81-63A6-4CE2-9FBC-FCF24389B26C}.Release|Any CPU.ActiveCfg = Release|Any CPU
		{10BBDD81-63A6-4CE2-9FBC-FCF24389B26C}.Release|Any CPU.Build.0 = Release|Any CPU
	EndGlobalSection
	GlobalSection(SolutionProperties) = preSolution
		HideSolutionNode = FALSE
	EndGlobalSection
	GlobalSection(ExtensibilityGlobals) = postSolution
		SolutionGuid = {13ABCF5F-2590-445A-9519-A6BAB7964CA2}
	EndGlobalSection
EndGlobal
